
Microsoft Visual Studio Solution File, Format Version 12.00
# Visual Studio 2013
VisualStudioVersion = 12.0.31101.0
MinimumVisualStudioVersion = 10.0.40219.1
Project("{FAE04EC0-301F-11D3-BF4B-00C04F79EFBC}") = "OneHit", "OneHit\OneHit.csproj", "{02183656-D13F-40B8-BF77-DE8FDA4299E4}"
EndProject
Project("{FAE04EC0-301F-11D3-BF4B-00C04F79EFBC}") = "OneHitUpdater", "OneHitUpdater\OneHitUpdater.csproj", "{A356D0FA-68E3-43E2-AB63-BB11A91553EB}"
EndProject
Global
	GlobalSection(SolutionConfigurationPlatforms) = preSolution
		Debug|x86 = Debug|x86
		Release|x86 = Release|x86
	EndGlobalSection
	GlobalSection(ProjectConfigurationPlatforms) = postSolution
		{02183656-D13F-40B8-BF77-DE8FDA4299E4}.Debug|x86.ActiveCfg = Debug|x86
		{02183656-D13F-40B8-BF77-DE8FDA4299E4}.Debug|x86.Build.0 = Debug|x86
		{02183656-D13F-40B8-BF77-DE8FDA4299E4}.Release|x86.ActiveCfg = Release|x86
		{02183656-D13F-40B8-BF77-DE8FDA4299E4}.Release|x86.Build.0 = Release|x86
		{A356D0FA-68E3-43E2-AB63-BB11A91553EB}.Debug|x86.ActiveCfg = Debug|x86
		{A356D0FA-68E3-43E2-AB63-BB11A91553EB}.Debug|x86.Build.0 = Debug|x86
		{A356D0FA-68E3-43E2-AB63-BB11A91553EB}.Release|x86.ActiveCfg = Release|x86
		{A356D0FA-68E3-43E2-AB63-BB11A91553EB}.Release|x86.Build.0 = Release|x86
	EndGlobalSection
	GlobalSection(SolutionProperties) = preSolution
		HideSolutionNode = FALSE
	EndGlobalSection
EndGlobal
